<?xml version="1.0" encoding="utf-8"?>
<Project ToolsVersion="4.0" xmlns="http://schemas.microsoft.com/developer/msbuild/2003">
  <ItemGroup>
    <Filter Include="Source Files">
      <UniqueIdentifier>{4FC737F1-C7A5-4376-A066-2A32D752A2FF}</UniqueIdentifier>
      <Extensions>cpp;c;cc;cxx;c++;cppm;ixx;def;odl;idl;hpj;bat;asm;asmx</Extensions>
    </Filter>
    <Filter Include="Header Files">
      <UniqueIdentifier>{93995380-89BD-4b04-88EB-625FBE52EBFB}</UniqueIdentifier>
      <Extensions>h;hh;hpp;hxx;h++;hm;inl;inc;ipp;xsd</Extensions>
    </Filter>
    <Filter Include="Resource Files">
      <UniqueIdentifier>{67DA6AB6-F800-4c08-8B7A-83BB121AAD01}</UniqueIdentifier>
      <Extensions>rc;ico;cur;bmp;dlg;rc2;rct;bin;rgs;gif;jpg;jpeg;jpe;resx;tiff;tif;png;wav;mfcribbon-ms</Extensions>
    </Filter>
    <Filter Include="Source Files\Easy">
      <UniqueIdentifier>{320fe260-f5d2-4086-b172-7051f06c3192}</UniqueIdentifier>
    </Filter>
    <Filter Include="Source Files\Medium">
      <UniqueIdentifier>{4349b2fe-3ced-434d-925a-6a2b88669f64}</UniqueIdentifier>
    </Filter>
    <Filter Include="Source Files\Hard">
      <UniqueIdentifier>{0739f3aa-2aa5-42f5-9935-c78bf924ea3f}</UniqueIdentifier>
    </Filter>
  </ItemGroup>
  <ItemGroup>
    <ClCompile Include="LeetCodeinCPP.cpp">
      <Filter>Source Files</Filter>
    </ClCompile>
    <ClCompile Include="Pow(x, n).cpp">
      <Filter>Source Files\Medium</Filter>
    </ClCompile>
  </ItemGroup>
</Project>